
Microsoft Visual Studio Solution File, Format Version 12.00
# Visual Studio Version 17
VisualStudioVersion = 17.13.36105.23
MinimumVisualStudioVersion = 10.0.40219.1
Project("{FAE04EC0-301F-11D3-BF4B-00C04F79EFBC}") = "posicao-falsa", "posicao-falsa\posicao-falsa.csproj", "{A5B8FC05-1F4A-43E2-B01C-45470D119F86}"
EndProject
Project("{FAE04EC0-301F-11D3-BF4B-00C04F79EFBC}") = "bissecao", "bissecao\bissecao.csproj", "{428AA7AA-2BBC-4180-B3FE-BE9A10E3042A}"
EndProject
Global
	GlobalSection(SolutionConfigurationPlatforms) = preSolution
		Debug|Any CPU = Debug|Any CPU
		Release|Any CPU = Release|Any CPU
	EndGlobalSection
	GlobalSection(ProjectConfigurationPlatforms) = postSolution
		{A5B8FC05-1F4A-43E2-B01C-45470D119F86}.Debug|Any CPU.ActiveCfg = Debug|Any CPU
		{A5B8FC05-1F4A-43E2-B01C-45470D119F86}.Debug|Any CPU.Build.0 = Debug|Any CPU
		{A5B8FC05-1F4A-43E2-B01C-45470D119F86}.Release|Any CPU.ActiveCfg = Release|Any CPU
		{A5B8FC05-1F4A-43E2-B01C-45470D119F86}.Release|Any CPU.Build.0 = Release|Any CPU
		{428AA7AA-2BBC-4180-B3FE-BE9A10E3042A}.Debug|Any CPU.ActiveCfg = Debug|Any CPU
		{428AA7AA-2BBC-4180-B3FE-BE9A10E3042A}.Debug|Any CPU.Build.0 = Debug|Any CPU
		{428AA7AA-2BBC-4180-B3FE-BE9A10E3042A}.Release|Any CPU.ActiveCfg = Release|Any CPU
		{428AA7AA-2BBC-4180-B3FE-BE9A10E3042A}.Release|Any CPU.Build.0 = Release|Any CPU
	EndGlobalSection
	GlobalSection(SolutionProperties) = preSolution
		HideSolutionNode = FALSE
	EndGlobalSection
	GlobalSection(ExtensibilityGlobals) = postSolution
		SolutionGuid = {DE38D950-038E-48A9-BB92-EC813B293820}
	EndGlobalSection
EndGlobal
